
Microsoft Visual Studio Solution File, Format Version 12.00
# Visual Studio Version 17
VisualStudioVersion = 17.3.32825.248
MinimumVisualStudioVersion = 10.0.40219.1
Project("{FAE04EC0-301F-11D3-BF4B-00C04F79EFBC}") = "App1.Android", "App1\App1.Android\App1.Android.csproj", "{2375F0A0-4514-45F1-A846-A080C8A213B2}"
EndProject
Project("{FAE04EC0-301F-11D3-BF4B-00C04F79EFBC}") = "App1.iOS", "App1\App1.iOS\App1.iOS.csproj", "{7C6A64F3-A241-4EA6-90C5-6B80961E3F6C}"
EndProject
Project("{FAE04EC0-301F-11D3-BF4B-00C04F79EFBC}") = "App1", "App1\App1\App1.csproj", "{9D41B69D-2348-4E94-95E4-1490D6243562}"
EndProject
Global
	GlobalSection(SolutionConfigurationPlatforms) = preSolution
		Debug|Any CPU = Debug|Any CPU
		Debug|iPhone = Debug|iPhone
		Debug|iPhoneSimulator = Debug|iPhoneSimulator
		Release|Any CPU = Release|Any CPU
		Release|iPhone = Release|iPhone
		Release|iPhoneSimulator = Release|iPhoneSimulator
	EndGlobalSection
	GlobalSection(ProjectConfigurationPlatforms) = postSolution
		{2375F0A0-4514-45F1-A846-A080C8A213B2}.Debug|Any CPU.ActiveCfg = Debug|Any CPU
		{2375F0A0-4514-45F1-A846-A080C8A213B2}.Debug|Any CPU.Build.0 = Debug|Any CPU
		{2375F0A0-4514-45F1-A846-A080C8A213B2}.Debug|Any CPU.Deploy.0 = Debug|Any CPU
		{2375F0A0-4514-45F1-A846-A080C8A213B2}.Debug|iPhone.ActiveCfg = Debug|Any CPU
		{2375F0A0-4514-45F1-A846-A080C8A213B2}.Debug|iPhone.Build.0 = Debug|Any CPU
		{2375F0A0-4514-45F1-A846-A080C8A213B2}.Debug|iPhone.Deploy.0 = Debug|Any CPU
		{2375F0A0-4514-45F1-A846-A080C8A213B2}.Debug|iPhoneSimulator.ActiveCfg = Debug|Any CPU
		{2375F0A0-4514-45F1-A846-A080C8A213B2}.Debug|iPhoneSimulator.Build.0 = Debug|Any CPU
		{2375F0A0-4514-45F1-A846-A080C8A213B2}.Debug|iPhoneSimulator.Deploy.0 = Debug|Any CPU
		{2375F0A0-4514-45F1-A846-A080C8A213B2}.Release|Any CPU.ActiveCfg = Release|Any CPU
		{2375F0A0-4514-45F1-A846-A080C8A213B2}.Release|Any CPU.Build.0 = Release|Any CPU
		{2375F0A0-4514-45F1-A846-A080C8A213B2}.Release|Any CPU.Deploy.0 = Release|Any CPU
		{2375F0A0-4514-45F1-A846-A080C8A213B2}.Release|iPhone.ActiveCfg = Release|Any CPU
		{2375F0A0-4514-45F1-A846-A080C8A213B2}.Release|iPhone.Build.0 = Release|Any CPU
		{2375F0A0-4514-45F1-A846-A080C8A213B2}.Release|iPhone.Deploy.0 = Release|Any CPU
		{2375F0A0-4514-45F1-A846-A080C8A213B2}.Release|iPhoneSimulator.ActiveCfg = Release|Any CPU
		{2375F0A0-4514-45F1-A846-A080C8A213B2}.Release|iPhoneSimulator.Build.0 = Release|Any CPU
		{2375F0A0-4514-45F1-A846-A080C8A213B2}.Release|iPhoneSimulator.Deploy.0 = Release|Any CPU
		{7C6A64F3-A241-4EA6-90C5-6B80961E3F6C}.Debug|Any CPU.ActiveCfg = Debug|iPhone
		{7C6A64F3-A241-4EA6-90C5-6B80961E3F6C}.Debug|Any CPU.Build.0 = Debug|iPhone
		{7C6A64F3-A241-4EA6-90C5-6B80961E3F6C}.Debug|Any CPU.Deploy.0 = Debug|iPhone
		{7C6A64F3-A241-4EA6-90C5-6B80961E3F6C}.Debug|iPhone.ActiveCfg = Debug|iPhone
		{7C6A64F3-A241-4EA6-90C5-6B80961E3F6C}.Debug|iPhone.Build.0 = Debug|iPhone
		{7C6A64F3-A241-4EA6-90C5-6B80961E3F6C}.Debug|iPhone.Deploy.0 = Debug|iPhone
		{7C6A64F3-A241-4EA6-90C5-6B80961E3F6C}.Debug|iPhoneSimulator.ActiveCfg = Debug|iPhoneSimulator
		{7C6A64F3-A241-4EA6-90C5-6B80961E3F6C}.Debug|iPhoneSimulator.Build.0 = Debug|iPhoneSimulator
		{7C6A64F3-A241-4EA6-90C5-6B80961E3F6C}.Debug|iPhoneSimulator.Deploy.0 = Debug|iPhoneSimulator
		{7C6A64F3-A241-4EA6-90C5-6B80961E3F6C}.Release|Any CPU.ActiveCfg = Release|iPhoneSimulator
		{7C6A64F3-A241-4EA6-90C5-6B80961E3F6C}.Release|Any CPU.Build.0 = Release|iPhoneSimulator
		{7C6A64F3-A241-4EA6-90C5-6B80961E3F6C}.Release|Any CPU.Deploy.0 = Release|iPhoneSimulator
		{7C6A64F3-A241-4EA6-90C5-6B80961E3F6C}.Release|iPhone.ActiveCfg = Release|iPhone
		{7C6A64F3-A241-4EA6-90C5-6B80961E3F6C}.Release|iPhone.Build.0 = Release|iPhone
		{7C6A64F3-A241-4EA6-90C5-6B80961E3F6C}.Release|iPhone.Deploy.0 = Release|iPhone
		{7C6A64F3-A241-4EA6-90C5-6B80961E3F6C}.Release|iPhoneSimulator.ActiveCfg = Release|iPhoneSimulator
		{7C6A64F3-A241-4EA6-90C5-6B80961E3F6C}.Release|iPhoneSimulator.Build.0 = Release|iPhoneSimulator
		{7C6A64F3-A241-4EA6-90C5-6B80961E3F6C}.Release|iPhoneSimulator.Deploy.0 = Release|iPhoneSimulator
		{9D41B69D-2348-4E94-95E4-1490D6243562}.Debug|Any CPU.ActiveCfg = Debug|Any CPU
		{9D41B69D-2348-4E94-95E4-1490D6243562}.Debug|Any CPU.Build.0 = Debug|Any CPU
		{9D41B69D-2348-4E94-95E4-1490D6243562}.Debug|Any CPU.Deploy.0 = Debug|Any CPU
		{9D41B69D-2348-4E94-95E4-1490D6243562}.Debug|iPhone.ActiveCfg = Debug|Any CPU
		{9D41B69D-2348-4E94-95E4-1490D6243562}.Debug|iPhone.Build.0 = Debug|Any CPU
		{9D41B69D-2348-4E94-95E4-1490D6243562}.Debug|iPhone.Deploy.0 = Debug|Any CPU
		{9D41B69D-2348-4E94-95E4-1490D6243562}.Debug|iPhoneSimulator.ActiveCfg = Debug|Any CPU
		{9D41B69D-2348-4E94-95E4-1490D6243562}.Debug|iPhoneSimulator.Build.0 = Debug|Any CPU
		{9D41B69D-2348-4E94-95E4-1490D6243562}.Debug|iPhoneSimulator.Deploy.0 = Debug|Any CPU
		{9D41B69D-2348-4E94-95E4-1490D6243562}.Release|Any CPU.ActiveCfg = Release|Any CPU
		{9D41B69D-2348-4E94-95E4-1490D6243562}.Release|Any CPU.Build.0 = Release|Any CPU
		{9D41B69D-2348-4E94-95E4-1490D6243562}.Release|Any CPU.Deploy.0 = Release|Any CPU
		{9D41B69D-2348-4E94-95E4-1490D6243562}.Release|iPhone.ActiveCfg = Release|Any CPU
		{9D41B69D-2348-4E94-95E4-1490D6243562}.Release|iPhone.Build.0 = Release|Any CPU
		{9D41B69D-2348-4E94-95E4-1490D6243562}.Release|iPhone.Deploy.0 = Release|Any CPU
		{9D41B69D-2348-4E94-95E4-1490D6243562}.Release|iPhoneSimulator.ActiveCfg = Release|Any CPU
		{9D41B69D-2348-4E94-95E4-1490D6243562}.Release|iPhoneSimulator.Build.0 = Release|Any CPU
		{9D41B69D-2348-4E94-95E4-1490D6243562}.Release|iPhoneSimulator.Deploy.0 = Release|Any CPU
	EndGlobalSection
	GlobalSection(SolutionProperties) = preSolution
		HideSolutionNode = FALSE
	EndGlobalSection
	GlobalSection(ExtensibilityGlobals) = postSolution
		SolutionGuid = {F1AD725A-9F7A-4026-A0B1-69AF8AFC2FDF}
	EndGlobalSection
EndGlobal
